
Microsoft Visual Studio Solution File, Format Version 12.00
# Visual Studio Version 17
VisualStudioVersion = 17.0.31919.166
MinimumVisualStudioVersion = 10.0.40219.1
Project("{FAE04EC0-301F-11D3-BF4B-00C04F79EFBC}") = "LoopRareRarityCalculator", "LoopRareRarityCalculator\LoopRareRarityCalculator.csproj", "{53D357F6-0108-48C6-A8BF-886B25D76E80}"
EndProject
Global
	GlobalSection(SolutionConfigurationPlatforms) = preSolution
		Debug|Any CPU = Debug|Any CPU
		Release|Any CPU = Release|Any CPU
	EndGlobalSection
	GlobalSection(ProjectConfigurationPlatforms) = postSolution
		{53D357F6-0108-48C6-A8BF-886B25D76E80}.Debug|Any CPU.ActiveCfg = Debug|Any CPU
		{53D357F6-0108-48C6-A8BF-886B25D76E80}.Debug|Any CPU.Build.0 = Debug|Any CPU
		{53D357F6-0108-48C6-A8BF-886B25D76E80}.Release|Any CPU.ActiveCfg = Release|Any CPU
		{53D357F6-0108-48C6-A8BF-886B25D76E80}.Release|Any CPU.Build.0 = Release|Any CPU
	EndGlobalSection
	GlobalSection(SolutionProperties) = preSolution
		HideSolutionNode = FALSE
	EndGlobalSection
	GlobalSection(ExtensibilityGlobals) = postSolution
		SolutionGuid = {7C9DECA0-6FE0-4F19-BE32-27E492A3CE57}
	EndGlobalSection
EndGlobal
